
Microsoft Visual Studio Solution File, Format Version 12.00
# Visual Studio Version 17
VisualStudioVersion = 17.7.34003.232
MinimumVisualStudioVersion = 10.0.40219.1
Project("{9A19103F-16F7-4668-BE54-9A1E7A4F7556}") = "Madjic.Tasks.Orchestration", "Madjic.Tasks.Orchestration\Madjic.Tasks.Orchestration.csproj", "{30C96AC5-4408-4132-B930-FB638AF5EB5D}"
EndProject
Global
	GlobalSection(SolutionConfigurationPlatforms) = preSolution
		Debug|Any CPU = Debug|Any CPU
		Release|Any CPU = Release|Any CPU
	EndGlobalSection
	GlobalSection(ProjectConfigurationPlatforms) = postSolution
		{30C96AC5-4408-4132-B930-FB638AF5EB5D}.Debug|Any CPU.ActiveCfg = Debug|Any CPU
		{30C96AC5-4408-4132-B930-FB638AF5EB5D}.Debug|Any CPU.Build.0 = Debug|Any CPU
		{30C96AC5-4408-4132-B930-FB638AF5EB5D}.Release|Any CPU.ActiveCfg = Release|Any CPU
		{30C96AC5-4408-4132-B930-FB638AF5EB5D}.Release|Any CPU.Build.0 = Release|Any CPU
	EndGlobalSection
	GlobalSection(SolutionProperties) = preSolution
		HideSolutionNode = FALSE
	EndGlobalSection
	GlobalSection(ExtensibilityGlobals) = postSolution
		SolutionGuid = {0FD2D554-0C16-4B33-99AB-89F03ED04014}
	EndGlobalSection
EndGlobal
